
Microsoft Visual Studio Solution File, Format Version 12.00
# Visual Studio Version 17
VisualStudioVersion = 17.13.35931.197 d17.13
MinimumVisualStudioVersion = 10.0.40219.1
Project("{FAE04EC0-301F-11D3-BF4B-00C04F79EFBC}") = "Test1", "Test1\Test1.csproj", "{BBC0EC28-3127-4E19-BD9E-E2BA220D0109}"
EndProject
Global
	GlobalSection(SolutionConfigurationPlatforms) = preSolution
		Debug|Any CPU = Debug|Any CPU
		Release|Any CPU = Release|Any CPU
	EndGlobalSection
	GlobalSection(ProjectConfigurationPlatforms) = postSolution
		{BBC0EC28-3127-4E19-BD9E-E2BA220D0109}.Debug|Any CPU.ActiveCfg = Debug|Any CPU
		{BBC0EC28-3127-4E19-BD9E-E2BA220D0109}.Debug|Any CPU.Build.0 = Debug|Any CPU
		{BBC0EC28-3127-4E19-BD9E-E2BA220D0109}.Release|Any CPU.ActiveCfg = Release|Any CPU
		{BBC0EC28-3127-4E19-BD9E-E2BA220D0109}.Release|Any CPU.Build.0 = Release|Any CPU
	EndGlobalSection
	GlobalSection(SolutionProperties) = preSolution
		HideSolutionNode = FALSE
	EndGlobalSection
	GlobalSection(ExtensibilityGlobals) = postSolution
		SolutionGuid = {159B0A7B-4715-4827-9EE0-E8D0E4552162}
	EndGlobalSection
EndGlobal
